// !$*UTF8*$!
{
	archiveVersion = 1;
	classes = {
	};
	objectVersion = 48;
	objects = {

/* Begin PBXBuildFile section */
		AF35B03D205AECFE000534D3 /* AppDelegate.swift in Sources */ = {isa = PBXBuildFile; fileRef = AF35B03C205AECFE000534D3 /* AppDelegate.swift */; };
		AF35B03F205AECFE000534D3 /* ViewController.swift in Sources */ = {isa = PBXBuildFile; fileRef = AF35B03E205AECFE000534D3 /* ViewController.swift */; };
		AF35B042205AECFE000534D3 /* Main.storyboard in Resources */ = {isa = PBXBuildFile; fileRef = AF35B040205AECFE000534D3 /* Main.storyboard */; };
		AF35B044205AECFE000534D3 /* Assets.xcassets in Resources */ = {isa = PBXBuildFile; fileRef = AF35B043205AECFE000534D3 /* Assets.xcassets */; };
		AF35B047205AECFE000534D3 /* LaunchScreen.storyboard in Resources */ = {isa = PBXBuildFile; fileRef = AF35B045205AECFE000534D3 /* LaunchScreen.storyboard */; };
		AF35B04F205AED46000534D3 /* Bolts.framework in Frameworks */ = {isa = PBXBuildFile; fileRef = AF35B04E205AED46000534D3 /* Bolts.framework */; };
		AF35B051205AED56000534D3 /* Parse.framework in Frameworks */ = {isa = PBXBuildFile; fileRef = AF35B050205AED56000534D3 /* Parse.framework */; settings = {ATTRIBUTES = (Required, ); }; };
		AF35B054205AEDE7000534D3 /* libstdc++.6.tbd in Frameworks */ = {isa = PBXBuildFile; fileRef = AF35B053205AEDE7000534D3 /* libstdc++.6.tbd */; };
		AF35B056205AEDFC000534D3 /* libsqlite3.tbd in Frameworks */ = {isa = PBXBuildFile; fileRef = AF35B055205AEDFC000534D3 /* libsqlite3.tbd */; };
		AF35B058205AEE07000534D3 /* SystemConfiguration.framework in Frameworks */ = {isa = PBXBuildFile; fileRef = AF35B057205AEE07000534D3 /* SystemConfiguration.framework */; };
		AF35B05A205AEE12000534D3 /* AudioToolbox.framework in Frameworks */ = {isa = PBXBuildFile; fileRef = AF35B059205AEE12000534D3 /* AudioToolbox.framework */; };
		AF35B05C205AF3ED000534D3 /* dbObjects.swift in Sources */ = {isa = PBXBuildFile; fileRef = AF35B05B205AF3ED000534D3 /* dbObjects.swift */; };
/* End PBXBuildFile section */

/* Begin PBXFileReference section */
		AF35B039205AECFE000534D3 /* oscarWinners.app */ = {isa = PBXFileReference; explicitFileType = wrapper.application; includeInIndex = 0; path = oscarWinners.app; sourceTree = BUILT_PRODUCTS_DIR; };
		AF35B03C205AECFE000534D3 /* AppDelegate.swift */ = {isa = PBXFileReference; lastKnownFileType = sourcecode.swift; path = AppDelegate.swift; sourceTree = "<group>"; };
		AF35B03E205AECFE000534D3 /* ViewController.swift */ = {isa = PBXFileReference; lastKnownFileType = sourcecode.swift; path = ViewController.swift; sourceTree = "<group>"; };
		AF35B041205AECFE000534D3 /* Base */ = {isa = PBXFileReference; lastKnownFileType = file.storyboard; name = Base; path = Base.lproj/Main.storyboard; sourceTree = "<group>"; };
		AF35B043205AECFE000534D3 /* Assets.xcassets */ = {isa = PBXFileReference; lastKnownFileType = folder.assetcatalog; path = Assets.xcassets; sourceTree = "<group>"; };
		AF35B046205AECFE000534D3 /* Base */ = {isa = PBXFileReference; lastKnownFileType = file.storyboard; name = Base; path = Base.lproj/LaunchScreen.storyboard; sourceTree = "<group>"; };
		AF35B048205AECFE000534D3 /* Info.plist */ = {isa = PBXFileReference; lastKnownFileType = text.plist.xml; path = Info.plist; sourceTree = "<group>"; };
		AF35B04E205AED46000534D3 /* Bolts.framework */ = {isa = PBXFileReference; lastKnownFileType = wrapper.framework; path = Bolts.framework; sourceTree = "<group>"; };
		AF35B050205AED56000534D3 /* Parse.framework */ = {isa = PBXFileReference; lastKnownFileType = wrapper.framework; path = Parse.framework; sourceTree = "<group>"; };
		AF35B053205AEDE7000534D3 /* libstdc++.6.tbd */ = {isa = PBXFileReference; lastKnownFileType = "sourcecode.text-based-dylib-definition"; name = "libstdc++.6.tbd"; path = "usr/lib/libstdc++.6.tbd"; sourceTree = SDKROOT; };
		AF35B055205AEDFC000534D3 /* libsqlite3.tbd */ = {isa = PBXFileReference; lastKnownFileType = "sourcecode.text-based-dylib-definition"; name = libsqlite3.tbd; path = usr/lib/libsqlite3.tbd; sourceTree = SDKROOT; };
		AF35B057205AEE07000534D3 /* SystemConfiguration.framework */ = {isa = PBXFileReference; lastKnownFileType = wrapper.framework; name = SystemConfiguration.framework; path = System/Library/Frameworks/SystemConfiguration.framework; sourceTree = SDKROOT; };
		AF35B059205AEE12000534D3 /* AudioToolbox.framework */ = {isa = PBXFileReference; lastKnownFileType = wrapper.framework; name = AudioToolbox.framework; path = System/Library/Frameworks/AudioToolbox.framework; sourceTree = SDKROOT; };
		AF35B05B205AF3ED000534D3 /* dbObjects.swift */ = {isa = PBXFileReference; lastKnownFileType = sourcecode.swift; path = dbObjects.swift; sourceTree = "<group>"; };
/* End PBXFileReference section */

/* Begin PBXFrameworksBuildPhase section */
		AF35B036205AECFE000534D3 /* Frameworks */ = {
			isa = PBXFrameworksBuildPhase;
			buildActionMask = 2147483647;
			files = (
				AF35B05A205AEE12000534D3 /* AudioToolbox.framework in Frameworks */,
				AF35B058205AEE07000534D3 /* SystemConfiguration.framework in Frameworks */,
				AF35B056205AEDFC000534D3 /* libsqlite3.tbd in Frameworks */,
				AF35B054205AEDE7000534D3 /* libstdc++.6.tbd in Frameworks */,
				AF35B051205AED56000534D3 /* Parse.framework in Frameworks */,
				AF35B04F205AED46000534D3 /* Bolts.framework in Frameworks */,
			);
			runOnlyForDeploymentPostprocessing = 0;
		};
/* End PBXFrameworksBuildPhase section */

/* Begin PBXGroup section */
		AF35B030205AECFE000534D3 = {
			isa = PBXGroup;
			children = (
				AF35B03B205AECFE000534D3 /* oscarWinners */,
				AF35B03A205AECFE000534D3 /* Products */,
				AF35B050205AED56000534D3 /* Parse.framework */,
				AF35B04E205AED46000534D3 /* Bolts.framework */,
				AF35B052205AEDE7000534D3 /* Frameworks */,
			);
			sourceTree = "<group>";
		};
		AF35B03A205AECFE000534D3 /* Products */ = {
			isa = PBXGroup;
			children = (
				AF35B039205AECFE000534D3 /* oscarWinners.app */,
			);
			name = Products;
			sourceTree = "<group>";
		};
		AF35B03B205AECFE000534D3 /* oscarWinners */ = {
			isa = PBXGroup;
			children = (
				AF35B03C205AECFE000534D3 /* AppDelegate.swift */,
				AF35B03E205AECFE000534D3 /* ViewController.swift */,
				AF35B040205AECFE000534D3 /* Main.storyboard */,
				AF35B05B205AF3ED000534D3 /* dbObjects.swift */,
				AF35B043205AECFE000534D3 /* Assets.xcassets */,
				AF35B045205AECFE000534D3 /* LaunchScreen.storyboard */,
				AF35B048205AECFE000534D3 /* Info.plist */,
			);
			path = oscarWinners;
			sourceTree = "<group>";
		};
		AF35B052205AEDE7000534D3 /* Frameworks */ = {
			isa = PBXGroup;
			children = (
				AF35B059205AEE12000534D3 /* AudioToolbox.framework */,
				AF35B057205AEE07000534D3 /* SystemConfiguration.framework */,
				AF35B055205AEDFC000534D3 /* libsqlite3.tbd */,
				AF35B053205AEDE7000534D3 /* libstdc++.6.tbd */,
			);
			name = Frameworks;
			sourceTree = "<group>";
		};
/* End PBXGroup section */

/* Begin PBXNativeTarget section */
		AF35B038205AECFE000534D3 /* oscarWinners */ = {
			isa = PBXNativeTarget;
			buildConfigurationList = AF35B04B205AECFE000534D3 /* Build configuration list for PBXNativeTarget "oscarWinners" */;
			buildPhases = (
				AF35B035205AECFE000534D3 /* Sources */,
				AF35B036205AECFE000534D3 /* Frameworks */,
				AF35B037205AECFE000534D3 /* Resources */,
			);
			buildRules = (
			);
			dependencies = (
			);
			name = oscarWinners;
			productName = oscarWinners;
			productReference = AF35B039205AECFE000534D3 /* oscarWinners.app */;
			productType = "com.apple.product-type.application";
		};
/* End PBXNativeTarget section */

/* Begin PBXProject section */
		AF35B031205AECFE000534D3 /* Project object */ = {
			isa = PBXProject;
			attributes = {
				LastSwiftUpdateCheck = 0920;
				LastUpgradeCheck = 0920;
				ORGANIZATIONNAME = Northwest;
				TargetAttributes = {
					AF35B038205AECFE000534D3 = {
						CreatedOnToolsVersion = 9.2;
						ProvisioningStyle = Automatic;
					};
				};
			};
			buildConfigurationList = AF35B034205AECFE000534D3 /* Build configuration list for PBXProject "oscarWinners" */;
			compatibilityVersion = "Xcode 8.0";
			developmentRegion = en;
			hasScannedForEncodings = 0;
			knownRegions = (
				en,
				Base,
			);
			mainGroup = AF35B030205AECFE000534D3;
			productRefGroup = AF35B03A205AECFE000534D3 /* Products */;
			projectDirPath = "";
			projectRoot = "";
			targets = (
				AF35B038205AECFE000534D3 /* oscarWinners */,
			);
		};
/* End PBXProject section */

/* Begin PBXResourcesBuildPhase section */
		AF35B037205AECFE000534D3 /* Resources */ = {
			isa = PBXResourcesBuildPhase;
			buildActionMask = 2147483647;
			files = (
				AF35B047205AECFE000534D3 /* LaunchScreen.storyboard in Resources */,
				AF35B044205AECFE000534D3 /* Assets.xcassets in Resources */,
				AF35B042205AECFE000534D3 /* Main.storyboard in Resources */,
			);
			runOnlyForDeploymentPostprocessing = 0;
		};
/* End PBXResourcesBuildPhase section */

/* Begin PBXSourcesBuildPhase section */
		AF35B035205AECFE000534D3 /* Sources */ = {
			isa = PBXSourcesBuildPhase;
			buildActionMask = 2147483647;
			files = (
				AF35B05C205AF3ED000534D3 /* dbObjects.swift in Sources */,
				AF35B03F205AECFE000534D3 /* ViewController.swift in Sources */,
				AF35B03D205AECFE000534D3 /* AppDelegate.swift in Sources */,
			);
			runOnlyForDeploymentPostprocessing = 0;
		};
/* End PBXSourcesBuildPhase section */

/* Begin PBXVariantGroup section */
		AF35B040205AECFE000534D3 /* Main.storyboard */ = {
			isa = PBXVariantGroup;
			children = (
				AF35B041205AECFE000534D3 /* Base */,
			);
			name = Main.storyboard;
			sourceTree = "<group>";
		};
		AF35B045205AECFE000534D3 /* LaunchScreen.storyboard */ = {
			isa = PBXVariantGroup;
			children = (
				AF35B046205AECFE000534D3 /* Base */,
			);
			name = LaunchScreen.storyboard;
			sourceTree = "<group>";
		};
/* End PBXVariantGroup section */

/* Begin XCBuildConfiguration section */
		AF35B049205AECFE000534D3 /* Debug */ = {
			isa = XCBuildConfiguration;
			buildSettings = {
				ALWAYS_SEARCH_USER_PATHS = NO;
				CLANG_ANALYZER_NONNULL = YES;
				CLANG_ANALYZER_NUMBER_OBJECT_CONVERSION = YES_AGGRESSIVE;
				CLANG_CXX_LANGUAGE_STANDARD = "gnu++14";
				CLANG_CXX_LIBRARY = "libc++";
				CLANG_ENABLE_MODULES = YES;
				CLANG_ENABLE_OBJC_ARC = YES;
				CLANG_WARN_BLOCK_CAPTURE_AUTORELEASING = YES;
				CLANG_WARN_BOOL_CONVERSION = YES;
				CLANG_WARN_COMMA = YES;
				CLANG_WARN_CONSTANT_CONVERSION = YES;
				CLANG_WARN_DIRECT_OBJC_ISA_USAGE = YES_ERROR;
				CLANG_WARN_DOCUMENTATION_COMMENTS = YES;
				CLANG_WARN_EMPTY_BODY = YES;
				CLANG_WARN_ENUM_CONVERSION = YES;
				CLANG_WARN_INFINITE_RECURSION = YES;
				CLANG_WARN_INT_CONVERSION = YES;
				CLANG_WARN_NON_LITERAL_NULL_CONVERSION = YES;
				CLANG_WARN_OBJC_LITERAL_CONVERSION = YES;
				CLANG_WARN_OBJC_ROOT_CLASS = YES_ERROR;
				CLANG_WARN_RANGE_LOOP_ANALYSIS = YES;
				CLANG_WARN_STRICT_PROTOTYPES = YES;
				CLANG_WARN_SUSPICIOUS_MOVE = YES;
				CLANG_WARN_UNGUARDED_AVAILABILITY = YES_AGGRESSIVE;
				CLANG_WARN_UNREACHABLE_CODE = YES;
				CLANG_WARN__DUPLICATE_METHOD_MATCH = YES;
				CODE_SIGN_IDENTITY = "iPhone Developer";
				COPY_PHASE_STRIP = NO;
				DEBUG_INFORMATION_FORMAT = dwarf;
				ENABLE_STRICT_OBJC_MSGSEND = YES;
				ENABLE_TESTABILITY = YES;
				GCC_C_LANGUAGE_STANDARD = gnu11;
				GCC_DYNAMIC_NO_PIC = NO;
				GCC_NO_COMMON_BLOCKS = YES;
				GCC_OPTIMIZATION_LEVEL = 0;
				GCC_PREPROCESSOR_DEFINITIONS = (
					"DEBUG=1",
					"$(inherited)",
				);
				GCC_WARN_64_TO_32_BIT_CONVERSION = YES;
				GCC_WARN_ABOUT_RETURN_TYPE = YES_ERROR;
				GCC_WARN_UNDECLARED_SELECTOR = YES;
				GCC_WARN_UNINITIALIZED_AUTOS = YES_AGGRESSIVE;
				GCC_WARN_UNUSED_FUNCTION = YES;
				GCC_WARN_UNUSED_VARIABLE = YES;
				IPHONEOS_DEPLOYMENT_TARGET = 11.2;
				MTL_ENABLE_DEBUG_INFO = YES;
				ONLY_ACTIVE_ARCH = YES;
				SDKROOT = iphoneos;
				SWIFT_ACTIVE_COMPILATION_CONDITIONS = DEBUG;
				SWIFT_OPTIMIZATION_LEVEL = "-Onone";
			};
			name = Debug;
		};
		AF35B04A205AECFE000534D3 /* Release */ = {
			isa = XCBuildConfiguration;
			buildSettings = {
				ALWAYS_SEARCH_USER_PATHS = NO;
				CLANG_ANALYZER_NONNULL = YES;
				CLANG_ANALYZER_NUMBER_OBJECT_CONVERSION = YES_AGGRESSIVE;
				CLANG_CXX_LANGUAGE_STANDARD = "gnu++14";
				CLANG_CXX_LIBRARY = "libc++";
				CLANG_ENABLE_MODULES = YES;
				CLANG_ENABLE_OBJC_ARC = YES;
				CLANG_WARN_BLOCK_CAPTURE_AUTORELEASING = YES;
				CLANG_WARN_BOOL_CONVERSION = YES;
				CLANG_WARN_COMMA = YES;
				CLANG_WARN_CONSTANT_CONVERSION = YES;
				CLANG_WARN_DIRECT_OBJC_ISA_USAGE = YES_ERROR;
				CLANG_WARN_DOCUMENTATION_COMMENTS = YES;
				CLANG_WARN_EMPTY_BODY = YES;
				CLANG_WARN_ENUM_CONVERSION = YES;
				CLANG_WARN_INFINITE_RECURSION = YES;
				CLANG_WARN_INT_CONVERSION = YES;
				CLANG_WARN_NON_LITERAL_NULL_CONVERSION = YES;
				CLANG_WARN_OBJC_LITERAL_CONVERSION = YES;
				CLANG_WARN_OBJC_ROOT_CLASS = YES_ERROR;
				CLANG_WARN_RANGE_LOOP_ANALYSIS = YES;
				CLANG_WARN_STRICT_PROTOTYPES = YES;
				CLANG_WARN_SUSPICIOUS_MOVE = YES;
				CLANG_WARN_UNGUARDED_AVAILABILITY = YES_AGGRESSIVE;
				CLANG_WARN_UNREACHABLE_CODE = YES;
				CLANG_WARN__DUPLICATE_METHOD_MATCH = YES;
				CODE_SIGN_IDENTITY = "iPhone Developer";
				COPY_PHASE_STRIP = NO;
				DEBUG_INFORMATION_FORMAT = "dwarf-with-dsym";
				ENABLE_NS_ASSERTIONS = NO;
				ENABLE_STRICT_OBJC_MSGSEND = YES;
				GCC_C_LANGUAGE_STANDARD = gnu11;
				GCC_NO_COMMON_BLOCKS = YES;
				GCC_WARN_64_TO_32_BIT_CONVERSION = YES;
				GCC_WARN_ABOUT_RETURN_TYPE = YES_ERROR;
				GCC_WARN_UNDECLARED_SELECTOR = YES;
				GCC_WARN_UNINITIALIZED_AUTOS = YES_AGGRESSIVE;
				GCC_WARN_UNUSED_FUNCTION = YES;
				GCC_WARN_UNUSED_VARIABLE = YES;
				IPHONEOS_DEPLOYMENT_TARGET = 11.2;
				MTL_ENABLE_DEBUG_INFO = NO;
				SDKROOT = iphoneos;
				SWIFT_OPTIMIZATION_LEVEL = "-Owholemodule";
				VALIDATE_PRODUCT = YES;
			};
			name = Release;
		};
		AF35B04C205AECFE000534D3 /* Debug */ = {
			isa = XCBuildConfiguration;
			buildSettings = {
				ASSETCATALOG_COMPILER_APPICON_NAME = AppIcon;
				CODE_SIGN_STYLE = Automatic;
				FRAMEWORK_SEARCH_PATHS = (
					"$(inherited)",
					"$(PROJECT_DIR)",
				);
				INFOPLIST_FILE = oscarWinners/Info.plist;
				LD_RUNPATH_SEARCH_PATHS = "$(inherited) @executable_path/Frameworks";
				PRODUCT_BUNDLE_IDENTIFIER = edu.nwmissouri.oscarWinners;
				PRODUCT_NAME = "$(TARGET_NAME)";
				SWIFT_VERSION = 4.0;
				TARGETED_DEVICE_FAMILY = "1,2";
			};
			name = Debug;
		};
		AF35B04D205AECFE000534D3 /* Release */ = {
			isa = XCBuildConfiguration;
			buildSettings = {
				ASSETCATALOG_COMPILER_APPICON_NAME = AppIcon;
				CODE_SIGN_STYLE = Automatic;
				FRAMEWORK_SEARCH_PATHS = (
					"$(inherited)",
					"$(PROJECT_DIR)",
				);
				INFOPLIST_FILE = oscarWinners/Info.plist;
				LD_RUNPATH_SEARCH_PATHS = "$(inherited) @executable_path/Frameworks";
				PRODUCT_BUNDLE_IDENTIFIER = edu.nwmissouri.oscarWinners;
				PRODUCT_NAME = "$(TARGET_NAME)";
				SWIFT_VERSION = 4.0;
				TARGETED_DEVICE_FAMILY = "1,2";
			};
			name = Release;
		};
/* End XCBuildConfiguration section */

/* Begin XCConfigurationList section */
		AF35B034205AECFE000534D3 /* Build configuration list for PBXProject "oscarWinners" */ = {
			isa = XCConfigurationList;
			buildConfigurations = (
				AF35B049205AECFE000534D3 /* Debug */,
				AF35B04A205AECFE000534D3 /* Release */,
			);
			defaultConfigurationIsVisible = 0;
			defaultConfigurationName = Release;
		};
		AF35B04B205AECFE000534D3 /* Build configuration list for PBXNativeTarget "oscarWinners" */ = {
			isa = XCConfigurationList;
			buildConfigurations = (
				AF35B04C205AECFE000534D3 /* Debug */,
				AF35B04D205AECFE000534D3 /* Release */,
			);
			defaultConfigurationIsVisible = 0;
			defaultConfigurationName = Release;
		};
/* End XCConfigurationList section */
	};
	rootObject = AF35B031205AECFE000534D3 /* Project object */;
}
